
Microsoft Visual Studio Solution File, Format Version 12.00
# Visual Studio 15
VisualStudioVersion = 15.0.28307.572
MinimumVisualStudioVersion = 10.0.40219.1
Project("{FAE04EC0-301F-11D3-BF4B-00C04F79EFBC}") = "ContaCorrente", "ContaCorrente\ContaCorrente.csproj", "{4BA15B55-B306-441A-93DD-480C3C1345F6}"
EndProject
Global
	GlobalSection(SolutionConfigurationPlatforms) = preSolution
		Debug|Any CPU = Debug|Any CPU
		Release|Any CPU = Release|Any CPU
	EndGlobalSection
	GlobalSection(ProjectConfigurationPlatforms) = postSolution
		{4BA15B55-B306-441A-93DD-480C3C1345F6}.Debug|Any CPU.ActiveCfg = Debug|Any CPU
		{4BA15B55-B306-441A-93DD-480C3C1345F6}.Debug|Any CPU.Build.0 = Debug|Any CPU
		{4BA15B55-B306-441A-93DD-480C3C1345F6}.Release|Any CPU.ActiveCfg = Release|Any CPU
		{4BA15B55-B306-441A-93DD-480C3C1345F6}.Release|Any CPU.Build.0 = Release|Any CPU
	EndGlobalSection
	GlobalSection(SolutionProperties) = preSolution
		HideSolutionNode = FALSE
	EndGlobalSection
	GlobalSection(ExtensibilityGlobals) = postSolution
		SolutionGuid = {E5FE90AF-1F6B-465A-9A39-84BDDA9806A2}
	EndGlobalSection
EndGlobal
